
Microsoft Visual Studio Solution File, Format Version 12.00
# Visual Studio Version 17
VisualStudioVersion = 17.2.32526.322
MinimumVisualStudioVersion = 10.0.40219.1
Project("{9A19103F-16F7-4668-BE54-9A1E7A4F7556}") = "01_Web_Fundamentos", "01_Web_Fundamentos\01_Web_Fundamentos.csproj", "{0849D3BF-3D87-4CAE-B425-0E878D26E26B}"
EndProject
Project("{FAE04EC0-301F-11D3-BF4B-00C04F79EFBC}") = "02_Clases", "02_Clases\02_Clases.csproj", "{EE85D62F-FC43-43E6-9DDC-B818C20E5C61}"
EndProject
Global
	GlobalSection(SolutionConfigurationPlatforms) = preSolution
		Debug|Any CPU = Debug|Any CPU
		Release|Any CPU = Release|Any CPU
	EndGlobalSection
	GlobalSection(ProjectConfigurationPlatforms) = postSolution
		{0849D3BF-3D87-4CAE-B425-0E878D26E26B}.Debug|Any CPU.ActiveCfg = Debug|Any CPU
		{0849D3BF-3D87-4CAE-B425-0E878D26E26B}.Debug|Any CPU.Build.0 = Debug|Any CPU
		{0849D3BF-3D87-4CAE-B425-0E878D26E26B}.Release|Any CPU.ActiveCfg = Release|Any CPU
		{0849D3BF-3D87-4CAE-B425-0E878D26E26B}.Release|Any CPU.Build.0 = Release|Any CPU
		{EE85D62F-FC43-43E6-9DDC-B818C20E5C61}.Debug|Any CPU.ActiveCfg = Debug|Any CPU
		{EE85D62F-FC43-43E6-9DDC-B818C20E5C61}.Debug|Any CPU.Build.0 = Debug|Any CPU
		{EE85D62F-FC43-43E6-9DDC-B818C20E5C61}.Release|Any CPU.ActiveCfg = Release|Any CPU
		{EE85D62F-FC43-43E6-9DDC-B818C20E5C61}.Release|Any CPU.Build.0 = Release|Any CPU
	EndGlobalSection
	GlobalSection(SolutionProperties) = preSolution
		HideSolutionNode = FALSE
	EndGlobalSection
	GlobalSection(ExtensibilityGlobals) = postSolution
		SolutionGuid = {B0813BF9-E40E-4EFF-9BDA-71054645CAFA}
	EndGlobalSection
EndGlobal
